
Microsoft Visual Studio Solution File, Format Version 12.00
# Visual Studio Version 17
VisualStudioVersion = 17.10.35013.160
MinimumVisualStudioVersion = 10.0.40219.1
Project("{FAE04EC0-301F-11D3-BF4B-00C04F79EFBC}") = "GLP.Basecode.API.Voting", "GLP.Basecode.API.Voting\GLP.Basecode.API.Voting.csproj", "{E988DA58-02E7-4698-9C59-875BD1FD7235}"
EndProject
Global
	GlobalSection(SolutionConfigurationPlatforms) = preSolution
		Debug|Any CPU = Debug|Any CPU
		Release|Any CPU = Release|Any CPU
	EndGlobalSection
	GlobalSection(ProjectConfigurationPlatforms) = postSolution
		{E988DA58-02E7-4698-9C59-875BD1FD7235}.Debug|Any CPU.ActiveCfg = Debug|Any CPU
		{E988DA58-02E7-4698-9C59-875BD1FD7235}.Debug|Any CPU.Build.0 = Debug|Any CPU
		{E988DA58-02E7-4698-9C59-875BD1FD7235}.Release|Any CPU.ActiveCfg = Release|Any CPU
		{E988DA58-02E7-4698-9C59-875BD1FD7235}.Release|Any CPU.Build.0 = Release|Any CPU
	EndGlobalSection
	GlobalSection(SolutionProperties) = preSolution
		HideSolutionNode = FALSE
	EndGlobalSection
	GlobalSection(ExtensibilityGlobals) = postSolution
		SolutionGuid = {04390B2E-F96E-42E9-8FA7-F71067C93EB9}
	EndGlobalSection
EndGlobal
